
Microsoft Visual Studio Solution File, Format Version 12.00
# Visual Studio Version 16
VisualStudioVersion = 16.0.30907.101
MinimumVisualStudioVersion = 10.0.40219.1
Project("{FAE04EC0-301F-11D3-BF4B-00C04F79EFBC}") = "MyDesign", "MyDesign\MyDesign.csproj", "{80757209-213A-4BA3-9FFC-124D16900FCA}"
EndProject
Global
	GlobalSection(SolutionConfigurationPlatforms) = preSolution
		Debug|Any CPU = Debug|Any CPU
		Release|Any CPU = Release|Any CPU
	EndGlobalSection
	GlobalSection(ProjectConfigurationPlatforms) = postSolution
		{80757209-213A-4BA3-9FFC-124D16900FCA}.Debug|Any CPU.ActiveCfg = Debug|Any CPU
		{80757209-213A-4BA3-9FFC-124D16900FCA}.Debug|Any CPU.Build.0 = Debug|Any CPU
		{80757209-213A-4BA3-9FFC-124D16900FCA}.Release|Any CPU.ActiveCfg = Release|Any CPU
		{80757209-213A-4BA3-9FFC-124D16900FCA}.Release|Any CPU.Build.0 = Release|Any CPU
	EndGlobalSection
	GlobalSection(SolutionProperties) = preSolution
		HideSolutionNode = FALSE
	EndGlobalSection
	GlobalSection(ExtensibilityGlobals) = postSolution
		SolutionGuid = {E8AD6C64-3B3F-44D7-A064-E6EECEDF2960}
	EndGlobalSection
EndGlobal
